hash: ec81a697e12604c409fefebd12203963ae0222264dd21a0305932550f0fe91af
updated: 2019-05-07T11:50:59.9329626+08:00
imports:
- name: github.com/beorn7/perks
  version: 4b2b341e8d7715fae06375aa633dbb6e91b3fb46
  subpackages:
  - quantile
- name: github.com/garyburd/redigo
  version: a69d19351219b6dd56f274f96d85a7014a2ec34e
  subpackages:
  - internal
  - redis
- name: github.com/go-ini/ini
  version: c85607071cf08ca1adaf48319cd1aa322e81d8c1
- name: github.com/golang/protobuf
  version: b5d812f8a3706043e23a9cd5babf2e5423744d30
  subpackages:
  - proto
- name: github.com/konsorten/go-windows-terminal-sequences
  version: f55edac94c9bbba5d6182a4be46d86a2c9b5b50e
- name: github.com/matttproud/golang_protobuf_extensions
  version: c182affec369e30f25d3eb8cd8a478dee585ae7d
  subpackages:
  - pbutil
- name: github.com/prometheus/client_golang
  version: 505eaef017263e299324067d40ca2c48f6a2cf50
  subpackages:
  - prometheus
  - prometheus/internal
  - prometheus/promhttp
- name: github.com/prometheus/client_model
  version: fd36f4220a901265f90734c3183c5f0c91daa0b8
  subpackages:
  - go
- name: github.com/prometheus/common
  version: c873fb1f9420b83ee703b4361c61183b4619f74d
  subpackages:
  - expfmt
  - internal/bitbucket.org/ww/goautoneg
  - model
- name: github.com/prometheus/procfs
  version: 87a4384529e0652f5035fb5cc8095faf73ea9b0b
- name: github.com/sirupsen/logrus
  version: 8bdbc7bcc01dcbb8ec23dc8a28e332258d25251f
- name: golang.org/x/sys
  version: a2a45943ae67364d56c5d7d62dee78cff16c8dc8
  subpackages:
  - unix
testImports: []
